
Microsoft Visual Studio Solution File, Format Version 12.00
# Visual Studio 2013
VisualStudioVersion = 12.0.31101.0
MinimumVisualStudioVersion = 10.0.40219.1
Project("{FAE04EC0-301F-11D3-BF4B-00C04F79EFBC}") = "ISS5.ODataBackend", "ODataBackend/ISS5.ODataBackend.csproj", "{A3BE9E87-84E3-4EA4-BD3C-74FB5843735D}"
EndProject
Project("{FAE04EC0-301F-11D3-BF4B-00C04F79EFBC}") = "ISS5.Objects", "Objects/ISS5.Objects.csproj", "{6AD6F880-4999-43BF-BDA9-20207C137360}"
EndProject
Global
	GlobalSection(SolutionConfigurationPlatforms) = preSolution
Debug|Any CPU = Debug|Any CPU
Release|Any CPU = Release|Any CPU
	EndGlobalSection
	GlobalSection(ProjectConfigurationPlatforms) = postSolution
		{A3BE9E87-84E3-4EA4-BD3C-74FB5843735D}.Debug|Any CPU.ActiveCfg = Debug|Any CPU
		{A3BE9E87-84E3-4EA4-BD3C-74FB5843735D}.Debug|Any CPU.Build.0 = Debug|Any CPU
		{A3BE9E87-84E3-4EA4-BD3C-74FB5843735D}.Release|Any CPU.ActiveCfg = Release|Any CPU
		{A3BE9E87-84E3-4EA4-BD3C-74FB5843735D}.Release|Any CPU.Build.0 = Release|Any CPU
		{6AD6F880-4999-43BF-BDA9-20207C137360}.Debug|Any CPU.ActiveCfg = Debug|Any CPU
		{6AD6F880-4999-43BF-BDA9-20207C137360}.Debug|Any CPU.Build.0 = Debug|Any CPU
		{6AD6F880-4999-43BF-BDA9-20207C137360}.Release|Any CPU.ActiveCfg = Release|Any CPU
		{6AD6F880-4999-43BF-BDA9-20207C137360}.Release|Any CPU.Build.0 = Release|Any CPU
	EndGlobalSection
	GlobalSection(SolutionProperties) = preSolution
		HideSolutionNode = FALSE
	EndGlobalSection
EndGlobal
